hash: a9fa85cbfd87af391dc18e549e443b6b3aa846393de3426754f5106401cf3ff8
updated: 2017-08-14T00:51:59.3530972-07:00
imports:
- name: github.com/beefsack/go-rate
  version: de575b104f4218f4aebdc95ba56f61f38d0dad86
- name: github.com/sirupsen/logrus
  version: a3f95b5c423586578a4e099b11a46c2479628cac
- name: golang.org/x/sys
  version: c84c1ab9fd18cdd4c23dd021c10f5f46dea95e46
  subpackages:
  - unix
testImports: []
